
Microsoft Visual Studio Solution File, Format Version 12.00
# Visual Studio 15
Project("{FAE04EC0-301F-11D3-BF4B-00C04F79EFBC}") = "Linq.Expansion", "Linq.Expansion\Linq.Expansion.csproj", "{900EA8F4-90DC-4147-A653-6828D9125336}"
EndProject
Global
	GlobalSection(SolutionConfigurationPlatforms) = preSolution
		Debug|x86 = Debug|x86
		Release|x86 = Release|x86
	EndGlobalSection
	GlobalSection(ProjectConfigurationPlatforms) = postSolution
		{900EA8F4-90DC-4147-A653-6828D9125336}.Debug|x86.ActiveCfg = Debug|x86
		{900EA8F4-90DC-4147-A653-6828D9125336}.Debug|x86.Build.0 = Debug|x86
		{900EA8F4-90DC-4147-A653-6828D9125336}.Release|x86.ActiveCfg = Release|x86
		{900EA8F4-90DC-4147-A653-6828D9125336}.Release|x86.Build.0 = Release|x86
	EndGlobalSection
EndGlobal
